
Microsoft Visual Studio Solution File, Format Version 12.00
# Visual Studio Version 16
VisualStudioVersion = 16.0.30717.126
MinimumVisualStudioVersion = 10.0.40219.1
Project("{FAE04EC0-301F-11D3-BF4B-00C04F79EFBC}") = "SuperCaisse.WebApi", "SuperCaisse.WebApi/SuperCaisse.WebApi.csproj", "{3E5F79E5-E5FC-45D5-9B19-95F30BF473DF}"
EndProject
Global
	GlobalSection(SolutionConfigurationPlatforms) = preSolution
		Debug|Any CPU = Debug|Any CPU
		Release|Any CPU = Release|Any CPU
	EndGlobalSection
	GlobalSection(ProjectConfigurationPlatforms) = postSolution
		{3E5F79E5-E5FC-45D5-9B19-95F30BF473DF}.Debug|Any CPU.ActiveCfg = Debug|Any CPU
		{3E5F79E5-E5FC-45D5-9B19-95F30BF473DF}.Debug|Any CPU.Build.0 = Debug|Any CPU
		{3E5F79E5-E5FC-45D5-9B19-95F30BF473DF}.Release|Any CPU.ActiveCfg = Release|Any CPU
		{3E5F79E5-E5FC-45D5-9B19-95F30BF473DF}.Release|Any CPU.Build.0 = Release|Any CPU
	EndGlobalSection
	GlobalSection(SolutionProperties) = preSolution
		HideSolutionNode = FALSE
	EndGlobalSection
	GlobalSection(ExtensibilityGlobals) = postSolution
		SolutionGuid = {8E693F80-9C45-49B7-8FE1-05AE2593EE6E}
	EndGlobalSection
EndGlobal
